{
    "_readme": [
        "This file locks the dependencies of your project to a known state",
        "Read more about it at https://getcomposer.org/doc/01-basic-usage.md#composer-lock-the-lock-file",
        "This file is @generated automatically"
    ],
    "hash": "4ed6aa117f3e06e6da4a259e398fd6f8",
    "content-hash": "0b276b857fa6d06ce5b977f9dfa9431d",
    "packages": [
        {
            "name": "addshore/psr-6-mediawiki-bagostuff-adapter",
            "version": "0.1",
            "source": {
                "type": "git",
                "url": "https://github.com/addshore/psr-6-mediawiki-bagostuff-adapter.git",
                "reference": "92f3bb69bf3e7f51b8b66ae74b6a4a291637354c"
            },
            "dist": {
                "type": "zip",
                "url": "https://api.github.com/repos/addshore/psr-6-mediawiki-bagostuff-adapter/zipball/92f3bb69bf3e7f51b8b66ae74b6a4a291637354c",
                "reference": "92f3bb69bf3e7f51b8b66ae74b6a4a291637354c",
                "shasum": ""
            },
            "require": {
                "psr/cache": "^1.0.0"
            },
            "require-dev": {
                "cache/integration-tests": "~0.9.1",
                "jakub-onderka/php-parallel-lint": "^0.9.2",
                "mediawiki/mediawiki-codesniffer": "^0.7.2",
                "phpunit/phpunit": "~4.8.0|~5.3.0"
            },
            "type": "library",
            "autoload": {
                "psr-4": {
                    "Addshore\\Psr\\Cache\\MWBagOStuffAdapter\\": "src/"
                }
            },
            "notification-url": "https://packagist.org/downloads/",
            "license": [
                "GPL-2.0+"
            ],
            "authors": [
                {
                    "name": "Addshore"
                }
            ],
            "description": "A MediaWiki BagOStuff PSR-6 adapter library",
            "keywords": [
                "cache",
                "mediawiki"
            ],
            "time": "2017-02-16 14:33:59"
        },
        {
            "name": "amzn/login-and-pay-with-amazon-sdk-php",
            "version": "dev-master",
            "source": {
                "type": "git",
                "url": "https://github.com/ejegg/login-and-pay-with-amazon-sdk-php",
                "reference": "855d642f85f14c76ca810013b0323ae4ac37f1c6"
            },
            "require": {
                "ext-curl": "*",
                "php": ">=5.3.0"
            },
            "type": "library",
            "autoload": {
                "psr-4": {
                    "PayWithAmazon\\": "PayWithAmazon/"
                }
            },
            "license": [
                "Apache OSL-2"
            ],
            "authors": [
                {
                    "name": "Amazon Payments",
                    "email": "eps-dse@amazon.com"
                }
            ],
            "description": "Pay with Amazon SDK",
            "homepage": "https://github.com/amzn/login-and-pay-with-amazon-sdk-php",
            "keywords": [
                "amazon",
                "amazon payments",
                "pay",
                "pay with amazon",
                "payment",
                "payments"
            ],
            "time": "2016-02-17 00:53:20"
        },
        {
            "name": "clio/clio",
            "version": "0.1.8",
            "source": {
                "type": "git",
                "url": "https://github.com/nramenta/clio.git",
                "reference": "6a9f600b73fa213e817d5c1e67a4641aecd156ef"
            },
            "dist": {
                "type": "zip",
                "url": "https://api.github.com/repos/nramenta/clio/zipball/6a9f600b73fa213e817d5c1e67a4641aecd156ef",
                "reference": "6a9f600b73fa213e817d5c1e67a4641aecd156ef",
                "shasum": ""
            },
            "require": {
                "php": ">=5.3.2"
            },
            "type": "library",
            "autoload": {
                "psr-0": {
                    "Clio": "src/"
                }
            },
            "notification-url": "https://packagist.org/downloads/",
            "license": [
                "MIT"
            ],
            "authors": [
                {
                    "name": "Nofriandi Ramenta",
                    "email": "nramenta@gmail.com"
                }
            ],
            "description": "Lightweight utility and helper classes for CLI applications",
            "keywords": [
                "cli",
                "console",
                "daemon"
            ],
            "time": "2014-06-22 14:49:41"
        },
        {
            "name": "coderkungfu/php-queue",
            "version": "dev-master",
            "source": {
                "type": "git",
                "url": "https://gerrit.wikimedia.org/r/p/wikimedia/fundraising/php-queue.git",
                "reference": "d56c5bd69dad595f2e00a3e10c851736b1feb57b"
            },
            "require": {
                "clio/clio": "0.1.*",
                "monolog/monolog": "~1.3",
                "php": ">=5.3.0"
            },
            "require-dev": {
                "jakub-onderka/php-parallel-lint": "0.9",
                "phpunit/phpunit": "4.4.*"
            },
            "suggest": {
                "Respect/Rest": "For a REST server to post job data",
                "amazonwebservices/aws-sdk-for-php": "For AWS SQS backend support (legacy version)",
                "aws/aws-sdk-php": "For AWS SQS backend support",
                "clio/clio": "Support for daemonizing PHP CLI runner",
                "ext-memcache": "*",
                "fusesource/stomp-php": "For the STOMP backend",
                "iron-io/iron_mq": "For IronMQ backend support",
                "microsoft/windowsazure": "For Windows Azure Service Bus backend support",
                "mrpoundsign/pheanstalk-5.3": "For Beanstalkd backend support",
                "pecl-mongodb": "For MongoDB backend support",
                "predis/predis": "For Redis backend support"
            },
            "type": "library",
            "extra": {
                "branch-alias": {
                    "dev-master": "1.0.0-dev"
                }
            },
            "autoload": {
                "psr-0": {
                    "PHPQueue": "src/"
                }
            },
            "scripts": {
                "test": [
                    "parallel-lint . --exclude vendor",
                    "phpunit"
                ]
            },
            "license": [
                "MIT"
            ],
            "authors": [
                {
                    "name": "Michael Cheng",
                    "email": "mcheng.work@gmail.com"
                }
            ],
            "description": "A unified front-end for different queuing backends. Includes a REST server, CLI interface and daemon runners.",
            "homepage": "http://github.com/CoderKungfu/php-queue",
            "keywords": [
                "queue",
                "transaction"
            ],
            "time": "2017-01-04 21:01:15"
        },
        {
            "name": "ircmaxell/password-compat",
            "version": "v1.0.4",
            "source": {
                "type": "git",
                "url": "https://github.com/ircmaxell/password_compat.git",
                "reference": "5c5cde8822a69545767f7c7f3058cb15ff84614c"
            },
            "dist": {
                "type": "zip",
                "url": "https://api.github.com/repos/ircmaxell/password_compat/zipball/5c5cde8822a69545767f7c7f3058cb15ff84614c",
                "reference": "5c5cde8822a69545767f7c7f3058cb15ff84614c",
                "shasum": ""
            },
            "require-dev": {
                "phpunit/phpunit": "4.*"
            },
            "type": "library",
            "autoload": {
                "files": [
                    "lib/password.php"
                ]
            },
            "notification-url": "https://packagist.org/downloads/",
            "license": [
                "MIT"
            ],
            "authors": [
                {
                    "name": "Anthony Ferrara",
                    "email": "ircmaxell@php.net",
                    "homepage": "http://blog.ircmaxell.com"
                }
            ],
            "description": "A compatibility library for the proposed simplified password hashing algorithm: https://wiki.php.net/rfc/password_hash",
            "homepage": "https://github.com/ircmaxell/password_compat",
            "keywords": [
                "hashing",
                "password"
            ],
            "time": "2014-11-20 16:49:30"
        },
        {
            "name": "minfraud/http",
            "version": "v1.71",
            "source": {
                "type": "git",
                "url": "https://github.com/maxmind/ccfd-api-php.git",
                "reference": "5f6c2a5454e755f1c56be17a1fc0c97576ff010e"
            },
            "dist": {
                "type": "zip",
                "url": "https://api.github.com/repos/maxmind/ccfd-api-php/zipball/5f6c2a5454e755f1c56be17a1fc0c97576ff010e",
                "reference": "5f6c2a5454e755f1c56be17a1fc0c97576ff010e",
                "shasum": ""
            },
            "type": "library",
            "autoload": {
                "classmap": [
                    "src"
                ]
            },
            "notification-url": "https://packagist.org/downloads/",
            "license": [
                "LGPL-2.1+"
            ],
            "authors": [
                {
                    "name": "MaxMind, Inc.",
                    "email": "support@maxmind.com",
                    "homepage": "http://www.maxmind.com/"
                }
            ],
            "description": "MaxMind minFraud HTTP API",
            "homepage": "https://github.com/maxmind/ccfd-api-php",
            "keywords": [
                "fraud",
                "maxmind",
                "minfraud"
            ],
            "time": "2016-10-13 14:35:01"
        },
        {
            "name": "monolog/monolog",
            "version": "1.18.2",
            "source": {
                "type": "git",
                "url": "https://github.com/Seldaek/monolog.git",
                "reference": "064b38c16790249488e7a8b987acf1c9d7383c09"
            },
            "dist": {
                "type": "zip",
                "url": "https://api.github.com/repos/Seldaek/monolog/zipball/064b38c16790249488e7a8b987acf1c9d7383c09",
                "reference": "064b38c16790249488e7a8b987acf1c9d7383c09",
                "shasum": ""
            },
            "require": {
                "php": ">=5.3.0",
                "psr/log": "~1.0"
            },
            "provide": {
                "psr/log-implementation": "1.0.0"
            },
            "require-dev": {
                "aws/aws-sdk-php": "^2.4.9",
                "doctrine/couchdb": "~1.0@dev",
                "graylog2/gelf-php": "~1.0",
                "jakub-onderka/php-parallel-lint": "0.9",
                "php-amqplib/php-amqplib": "~2.4",
                "php-console/php-console": "^3.1.3",
                "phpunit/phpunit": "~4.5",
                "phpunit/phpunit-mock-objects": "2.3.0",
                "raven/raven": "^0.13",
                "ruflin/elastica": ">=0.90 <3.0",
                "swiftmailer/swiftmailer": "~5.3"
            },
            "suggest": {
                "aws/aws-sdk-php": "Allow sending log messages to AWS services like DynamoDB",
                "doctrine/couchdb": "Allow sending log messages to a CouchDB server",
                "ext-amqp": "Allow sending log messages to an AMQP server (1.0+ required)",
                "ext-mongo": "Allow sending log messages to a MongoDB server",
                "graylog2/gelf-php": "Allow sending log messages to a GrayLog2 server",
                "mongodb/mongodb": "Allow sending log messages to a MongoDB server via PHP Driver",
                "php-amqplib/php-amqplib": "Allow sending log messages to an AMQP server using php-amqplib",
                "php-console/php-console": "Allow sending log messages to Google Chrome",
                "raven/raven": "Allow sending log messages to a Sentry server",
                "rollbar/rollbar": "Allow sending log messages to Rollbar",
                "ruflin/elastica": "Allow sending log messages to an Elastic Search server"
            },
            "type": "library",
            "extra": {
                "branch-alias": {
                    "dev-master": "2.0.x-dev"
                }
            },
            "autoload": {
                "psr-4": {
                    "Monolog\\": "src/Monolog"
                }
            },
            "notification-url": "https://packagist.org/downloads/",
            "license": [
                "MIT"
            ],
            "authors": [
                {
                    "name": "Jordi Boggiano",
                    "email": "j.boggiano@seld.be",
                    "homepage": "http://seld.be"
                }
            ],
            "description": "Sends your logs to files, sockets, inboxes, databases and various web services",
            "homepage": "http://github.com/Seldaek/monolog",
            "keywords": [
                "log",
                "logging",
                "psr-3"
            ],
            "time": "2016-04-02 13:12:58"
        },
        {
            "name": "neitanod/forceutf8",
            "version": "v2.0",
            "source": {
                "type": "git",
                "url": "https://github.com/neitanod/forceutf8.git",
                "reference": "2c1b21e00ed16b2b083ae4e27901cb5f2856db90"
            },
            "dist": {
                "type": "zip",
                "url": "https://api.github.com/repos/neitanod/forceutf8/zipball/2c1b21e00ed16b2b083ae4e27901cb5f2856db90",
                "reference": "2c1b21e00ed16b2b083ae4e27901cb5f2856db90",
                "shasum": ""
            },
            "require": {
                "php": ">=5.3.0"
            },
            "type": "library",
            "autoload": {
                "psr-0": {
                    "ForceUTF8\\": "src/"
                }
            },
            "notification-url": "https://packagist.org/downloads/",
            "authors": [
                {
                    "name": "Sebastián Grignoli",
                    "email": "grignoli@gmail.com"
                }
            ],
            "description": "PHP Class Encoding featuring popular Encoding::toUTF8() function --formerly known as forceUTF8()-- that fixes mixed encoded strings.",
            "homepage": "https://github.com/neitanod/forceutf8",
            "time": "2015-05-07 16:37:23"
        },
        {
            "name": "phpmailer/phpmailer",
            "version": "v5.2.22",
            "source": {
                "type": "git",
                "url": "https://github.com/PHPMailer/PHPMailer.git",
                "reference": "b18cb98131bd83103ccb26a888fdfe3177b8a663"
            },
            "dist": {
                "type": "zip",
                "url": "https://api.github.com/repos/PHPMailer/PHPMailer/zipball/b18cb98131bd83103ccb26a888fdfe3177b8a663",
                "reference": "b18cb98131bd83103ccb26a888fdfe3177b8a663",
                "shasum": ""
            },
            "require": {
                "php": ">=5.0.0"
            },
            "require-dev": {
                "phpdocumentor/phpdocumentor": "*",
                "phpunit/phpunit": "4.7.*"
            },
            "suggest": {
                "league/oauth2-google": "Needed for Google XOAUTH2 authentication"
            },
            "type": "library",
            "autoload": {
                "classmap": [
                    "class.phpmailer.php",
                    "class.phpmaileroauth.php",
                    "class.phpmaileroauthgoogle.php",
                    "class.smtp.php",
                    "class.pop3.php",
                    "extras/EasyPeasyICS.php",
                    "extras/ntlm_sasl_client.php"
                ]
            },
            "notification-url": "https://packagist.org/downloads/",
            "license": [
                "LGPL-2.1"
            ],
            "authors": [
                {
                    "name": "Jim Jagielski",
                    "email": "jimjag@gmail.com"
                },
                {
                    "name": "Marcus Bointon",
                    "email": "phpmailer@synchromedia.co.uk"
                },
                {
                    "name": "Andy Prevost",
                    "email": "codeworxtech@users.sourceforge.net"
                },
                {
                    "name": "Brent R. Matzelle"
                }
            ],
            "description": "PHPMailer is a full-featured email creation and transfer class for PHP",
            "time": "2017-01-09 09:33:47"
        },
        {
            "name": "predis/predis",
            "version": "v1.1.1",
            "source": {
                "type": "git",
                "url": "https://github.com/nrk/predis.git",
                "reference": "f0210e38881631afeafb56ab43405a92cafd9fd1"
            },
            "dist": {
                "type": "zip",
                "url": "https://api.github.com/repos/nrk/predis/zipball/f0210e38881631afeafb56ab43405a92cafd9fd1",
                "reference": "f0210e38881631afeafb56ab43405a92cafd9fd1",
                "shasum": ""
            },
            "require": {
                "php": ">=5.3.9"
            },
            "require-dev": {
                "phpunit/phpunit": "~4.8"
            },
            "suggest": {
                "ext-curl": "Allows access to Webdis when paired with phpiredis",
                "ext-phpiredis": "Allows faster serialization and deserialization of the Redis protocol"
            },
            "type": "library",
            "autoload": {
                "psr-4": {
                    "Predis\\": "src/"
                }
            },
            "notification-url": "https://packagist.org/downloads/",
            "license": [
                "MIT"
            ],
            "authors": [
                {
                    "name": "Daniele Alessandri",
                    "email": "suppakilla@gmail.com",
                    "homepage": "http://clorophilla.net"
                }
            ],
            "description": "Flexible and feature-complete Redis client for PHP and HHVM",
            "homepage": "http://github.com/nrk/predis",
            "keywords": [
                "nosql",
                "predis",
                "redis"
            ],
            "time": "2016-06-16 16:22:20"
        },
        {
            "name": "psr/cache",
            "version": "1.0.1",
            "source": {
                "type": "git",
                "url": "https://github.com/php-fig/cache.git",
                "reference": "d11b50ad223250cf17b86e38383413f5a6764bf8"
            },
            "dist": {
                "type": "zip",
                "url": "https://api.github.com/repos/php-fig/cache/zipball/d11b50ad223250cf17b86e38383413f5a6764bf8",
                "reference": "d11b50ad223250cf17b86e38383413f5a6764bf8",
                "shasum": ""
            },
            "require": {
                "php": ">=5.3.0"
            },
            "type": "library",
            "extra": {
                "branch-alias": {
                    "dev-master": "1.0.x-dev"
                }
            },
            "autoload": {
                "psr-4": {
                    "Psr\\Cache\\": "src/"
                }
            },
            "notification-url": "https://packagist.org/downloads/",
            "license": [
                "MIT"
            ],
            "authors": [
                {
                    "name": "PHP-FIG",
                    "homepage": "http://www.php-fig.org/"
                }
            ],
            "description": "Common interface for caching libraries",
            "keywords": [
                "cache",
                "psr",
                "psr-6"
            ],
            "time": "2016-08-06 20:24:11"
        },
        {
            "name": "psr/log",
            "version": "1.0.2",
            "source": {
                "type": "git",
                "url": "https://github.com/php-fig/log.git",
                "reference": "4ebe3a8bf773a19edfe0a84b6585ba3d401b724d"
            },
            "dist": {
                "type": "zip",
                "url": "https://api.github.com/repos/php-fig/log/zipball/4ebe3a8bf773a19edfe0a84b6585ba3d401b724d",
                "reference": "4ebe3a8bf773a19edfe0a84b6585ba3d401b724d",
                "shasum": ""
            },
            "require": {
                "php": ">=5.3.0"
            },
            "type": "library",
            "extra": {
                "branch-alias": {
                    "dev-master": "1.0.x-dev"
                }
            },
            "autoload": {
                "psr-4": {
                    "Psr\\Log\\": "Psr/Log/"
                }
            },
            "notification-url": "https://packagist.org/downloads/",
            "license": [
                "MIT"
            ],
            "authors": [
                {
                    "name": "PHP-FIG",
                    "homepage": "http://www.php-fig.org/"
                }
            ],
            "description": "Common interface for logging libraries",
            "homepage": "https://github.com/php-fig/log",
            "keywords": [
                "log",
                "psr",
                "psr-3"
            ],
            "time": "2016-10-10 12:19:37"
        },
        {
            "name": "symfony/event-dispatcher",
            "version": "v2.8.16",
            "source": {
                "type": "git",
                "url": "https://github.com/symfony/event-dispatcher.git",
                "reference": "74877977f90fb9c3e46378d5764217c55f32df34"
            },
            "dist": {
                "type": "zip",
                "url": "https://api.github.com/repos/symfony/event-dispatcher/zipball/74877977f90fb9c3e46378d5764217c55f32df34",
                "reference": "74877977f90fb9c3e46378d5764217c55f32df34",
                "shasum": ""
            },
            "require": {
                "php": ">=5.3.9"
            },
            "require-dev": {
                "psr/log": "~1.0",
                "symfony/config": "~2.0,>=2.0.5|~3.0.0",
                "symfony/dependency-injection": "~2.6|~3.0.0",
                "symfony/expression-language": "~2.6|~3.0.0",
                "symfony/stopwatch": "~2.3|~3.0.0"
            },
            "suggest": {
                "symfony/dependency-injection": "",
                "symfony/http-kernel": ""
            },
            "type": "library",
            "extra": {
                "branch-alias": {
                    "dev-master": "2.8-dev"
                }
            },
            "autoload": {
                "psr-4": {
                    "Symfony\\Component\\EventDispatcher\\": ""
                },
                "exclude-from-classmap": [
                    "/Tests/"
                ]
            },
            "notification-url": "https://packagist.org/downloads/",
            "license": [
                "MIT"
            ],
            "authors": [
                {
                    "name": "Fabien Potencier",
                    "email": "fabien@symfony.com"
                },
                {
                    "name": "Symfony Community",
                    "homepage": "https://symfony.com/contributors"
                }
            ],
            "description": "Symfony EventDispatcher Component",
            "homepage": "https://symfony.com",
            "time": "2017-01-02 20:30:24"
        },
        {
            "name": "symfony/http-foundation",
            "version": "v2.8.16",
            "source": {
                "type": "git",
                "url": "https://github.com/symfony/http-foundation.git",
                "reference": "464cdde6757a40701d758112cc7ff2c6adf6e82f"
            },
            "dist": {
                "type": "zip",
                "url": "https://api.github.com/repos/symfony/http-foundation/zipball/464cdde6757a40701d758112cc7ff2c6adf6e82f",
                "reference": "464cdde6757a40701d758112cc7ff2c6adf6e82f",
                "shasum": ""
            },
            "require": {
                "php": ">=5.3.9",
                "symfony/polyfill-mbstring": "~1.1",
                "symfony/polyfill-php54": "~1.0",
                "symfony/polyfill-php55": "~1.0"
            },
            "require-dev": {
                "symfony/expression-language": "~2.4|~3.0.0"
            },
            "type": "library",
            "extra": {
                "branch-alias": {
                    "dev-master": "2.8-dev"
                }
            },
            "autoload": {
                "psr-4": {
                    "Symfony\\Component\\HttpFoundation\\": ""
                },
                "exclude-from-classmap": [
                    "/Tests/"
                ]
            },
            "notification-url": "https://packagist.org/downloads/",
            "license": [
                "MIT"
            ],
            "authors": [
                {
                    "name": "Fabien Potencier",
                    "email": "fabien@symfony.com"
                },
                {
                    "name": "Symfony Community",
                    "homepage": "https://symfony.com/contributors"
                }
            ],
            "description": "Symfony HttpFoundation Component",
            "homepage": "https://symfony.com",
            "time": "2017-01-08 20:43:03"
        },
        {
            "name": "symfony/polyfill-mbstring",
            "version": "v1.3.0",
            "source": {
                "type": "git",
                "url": "https://github.com/symfony/polyfill-mbstring.git",
                "reference": "e79d363049d1c2128f133a2667e4f4190904f7f4"
            },
            "dist": {
                "type": "zip",
                "url": "https://api.github.com/repos/symfony/polyfill-mbstring/zipball/e79d363049d1c2128f133a2667e4f4190904f7f4",
                "reference": "e79d363049d1c2128f133a2667e4f4190904f7f4",
                "shasum": ""
            },
            "require": {
                "php": ">=5.3.3"
            },
            "suggest": {
                "ext-mbstring": "For best performance"
            },
            "type": "library",
            "extra": {
                "branch-alias": {
                    "dev-master": "1.3-dev"
                }
            },
            "autoload": {
                "psr-4": {
                    "Symfony\\Polyfill\\Mbstring\\": ""
                },
                "files": [
                    "bootstrap.php"
                ]
            },
            "notification-url": "https://packagist.org/downloads/",
            "license": [
                "MIT"
            ],
            "authors": [
                {
                    "name": "Nicolas Grekas",
                    "email": "p@tchwork.com"
                },
                {
                    "name": "Symfony Community",
                    "homepage": "https://symfony.com/contributors"
                }
            ],
            "description": "Symfony polyfill for the Mbstring extension",
            "homepage": "https://symfony.com",
            "keywords": [
                "compatibility",
                "mbstring",
                "polyfill",
                "portable",
                "shim"
            ],
            "time": "2016-11-14 01:06:16"
        },
        {
            "name": "symfony/polyfill-php54",
            "version": "v1.3.0",
            "source": {
                "type": "git",
                "url": "https://github.com/symfony/polyfill-php54.git",
                "reference": "90e085822963fdcc9d1c5b73deb3d2e5783b16a0"
            },
            "dist": {
                "type": "zip",
                "url": "https://api.github.com/repos/symfony/polyfill-php54/zipball/90e085822963fdcc9d1c5b73deb3d2e5783b16a0",
                "reference": "90e085822963fdcc9d1c5b73deb3d2e5783b16a0",
                "shasum": ""
            },
            "require": {
                "php": ">=5.3.3"
            },
            "type": "library",
            "extra": {
                "branch-alias": {
                    "dev-master": "1.3-dev"
                }
            },
            "autoload": {
                "psr-4": {
                    "Symfony\\Polyfill\\Php54\\": ""
                },
                "files": [
                    "bootstrap.php"
                ],
                "classmap": [
                    "Resources/stubs"
                ]
            },
            "notification-url": "https://packagist.org/downloads/",
            "license": [
                "MIT"
            ],
            "authors": [
                {
                    "name": "Nicolas Grekas",
                    "email": "p@tchwork.com"
                },
                {
                    "name": "Symfony Community",
                    "homepage": "https://symfony.com/contributors"
                }
            ],
            "description": "Symfony polyfill backporting some PHP 5.4+ features to lower PHP versions",
            "homepage": "https://symfony.com",
            "keywords": [
                "compatibility",
                "polyfill",
                "portable",
                "shim"
            ],
            "time": "2016-11-14 01:06:16"
        },
        {
            "name": "symfony/polyfill-php55",
            "version": "v1.3.0",
            "source": {
                "type": "git",
                "url": "https://github.com/symfony/polyfill-php55.git",
                "reference": "03e3f0350bca2220e3623a0e340eef194405fc67"
            },
            "dist": {
                "type": "zip",
                "url": "https://api.github.com/repos/symfony/polyfill-php55/zipball/03e3f0350bca2220e3623a0e340eef194405fc67",
                "reference": "03e3f0350bca2220e3623a0e340eef194405fc67",
                "shasum": ""
            },
            "require": {
                "ircmaxell/password-compat": "~1.0",
                "php": ">=5.3.3"
            },
            "type": "library",
            "extra": {
                "branch-alias": {
                    "dev-master": "1.3-dev"
                }
            },
            "autoload": {
                "psr-4": {
                    "Symfony\\Polyfill\\Php55\\": ""
                },
                "files": [
                    "bootstrap.php"
                ]
            },
            "notification-url": "https://packagist.org/downloads/",
            "license": [
                "MIT"
            ],
            "authors": [
                {
                    "name": "Nicolas Grekas",
                    "email": "p@tchwork.com"
                },
                {
                    "name": "Symfony Community",
                    "homepage": "https://symfony.com/contributors"
                }
            ],
            "description": "Symfony polyfill backporting some PHP 5.5+ features to lower PHP versions",
            "homepage": "https://symfony.com",
            "keywords": [
                "compatibility",
                "polyfill",
                "portable",
                "shim"
            ],
            "time": "2016-11-14 01:06:16"
        },
        {
            "name": "symfony/yaml",
            "version": "v2.8.16",
            "source": {
                "type": "git",
                "url": "https://github.com/symfony/yaml.git",
                "reference": "dbe61fed9cd4a44c5b1d14e5e7b1a8640cfb2bf2"
            },
            "dist": {
                "type": "zip",
                "url": "https://api.github.com/repos/symfony/yaml/zipball/dbe61fed9cd4a44c5b1d14e5e7b1a8640cfb2bf2",
                "reference": "dbe61fed9cd4a44c5b1d14e5e7b1a8640cfb2bf2",
                "shasum": ""
            },
            "require": {
                "php": ">=5.3.9"
            },
            "type": "library",
            "extra": {
                "branch-alias": {
                    "dev-master": "2.8-dev"
                }
            },
            "autoload": {
                "psr-4": {
                    "Symfony\\Component\\Yaml\\": ""
                },
                "exclude-from-classmap": [
                    "/Tests/"
                ]
            },
            "notification-url": "https://packagist.org/downloads/",
            "license": [
                "MIT"
            ],
            "authors": [
                {
                    "name": "Fabien Potencier",
                    "email": "fabien@symfony.com"
                },
                {
                    "name": "Symfony Community",
                    "homepage": "https://symfony.com/contributors"
                }
            ],
            "description": "Symfony Yaml Component",
            "homepage": "https://symfony.com",
            "time": "2017-01-03 13:49:52"
        },
        {
            "name": "wikimedia/smash-pig",
            "version": "dev-master",
            "source": {
                "type": "git",
                "url": "https://gerrit.wikimedia.org/r/wikimedia/fundraising/SmashPig.git",
                "reference": "4625e68bd0fde15a2dc3ff646cc01bcd4325d8fc"
            },
            "require": {
                "amzn/login-and-pay-with-amazon-sdk-php": "dev-master",
                "coderkungfu/php-queue": "dev-master",
                "php": ">=5.3.3",
                "phpmailer/phpmailer": "^5.2",
                "predis/predis": "^1.1",
                "psr/cache": "^1.0",
                "symfony/event-dispatcher": "^2.1",
                "symfony/http-foundation": "^2.1",
                "symfony/yaml": "^2.8"
            },
            "require-dev": {
                "jakub-onderka/php-parallel-lint": "^0.9",
                "phpunit/phpunit": "^4.8"
            },
            "type": "library",
            "autoload": {
                "psr-4": {
                    "SmashPig\\": "./"
                }
            },
            "notification-url": "https://packagist.org/downloads/",
            "license": [
                "GPL-2.0"
            ],
            "authors": [
                {
                    "name": "Katie Horn",
                    "email": "khorn@wikimedia.org"
                },
                {
                    "name": "Matthew Walker",
                    "email": "mwalker@wikimedia.org"
                },
                {
                    "name": "Adam Roses Wight",
                    "email": "awight@wikimedia.org"
                },
                {
                    "name": "Elliott Eggleston",
                    "email": "eeggleston@wikimedia.org"
                }
            ],
            "description": "The open source PHP flexible payments library and frontend/backend mediator.",
            "homepage": "http://smashpig.org",
            "keywords": [
                "donations",
                "payments"
            ],
            "time": "2017-02-23 20:48:06"
        },
        {
            "name": "zordius/lightncandy",
            "version": "v0.23",
            "source": {
                "type": "git",
                "url": "https://github.com/zordius/lightncandy.git",
                "reference": "5753dec40ddaf8b5c70a1837bf0ff4d8e8647506"
            },
            "dist": {
                "type": "zip",
                "url": "https://api.github.com/repos/zordius/lightncandy/zipball/5753dec40ddaf8b5c70a1837bf0ff4d8e8647506",
                "reference": "5753dec40ddaf8b5c70a1837bf0ff4d8e8647506",
                "shasum": ""
            },
            "require": {
                "php": ">=5.3.0"
            },
            "require-dev": {
                "phpunit/phpunit": "4.0.17"
            },
            "type": "library",
            "autoload": {
                "classmap": [
                    "src/lightncandy.php"
                ]
            },
            "notification-url": "https://packagist.org/downloads/",
            "license": [
                "MIT"
            ],
            "authors": [
                {
                    "name": "Zordius Chen",
                    "email": "zordius@yahoo-inc.com"
                }
            ],
            "description": "An extremely fast PHP implementation of handlebars ( http://handlebarsjs.com/ ) and mustache ( http://mustache.github.io/ ).",
            "homepage": "https://github.com/zordius/lightncandy",
            "keywords": [
                "handlebars",
                "logicless",
                "mustache",
                "php",
                "template"
            ],
            "time": "2015-11-05 07:14:57"
        }
    ],
    "packages-dev": [
        {
            "name": "jakub-onderka/php-parallel-lint",
            "version": "v0.9.2",
            "source": {
                "type": "git",
                "url": "https://github.com/JakubOnderka/PHP-Parallel-Lint.git",
                "reference": "2ead2e4043ab125bee9554f356e0a86742c2d4fa"
            },
            "dist": {
                "type": "zip",
                "url": "https://api.github.com/repos/JakubOnderka/PHP-Parallel-Lint/zipball/2ead2e4043ab125bee9554f356e0a86742c2d4fa",
                "reference": "2ead2e4043ab125bee9554f356e0a86742c2d4fa",
                "shasum": ""
            },
            "require": {
                "php": ">=5.3.3"
            },
            "require-dev": {
                "jakub-onderka/php-console-highlighter": "~0.3",
                "nette/tester": "~1.3"
            },
            "suggest": {
                "jakub-onderka/php-console-highlighter": "Highlight syntax in code snippet"
            },
            "bin": [
                "parallel-lint"
            ],
            "type": "library",
            "autoload": {
                "classmap": [
                    "./"
                ]
            },
            "notification-url": "https://packagist.org/downloads/",
            "license": [
                "BSD-2-Clause"
            ],
            "authors": [
                {
                    "name": "Jakub Onderka",
                    "email": "jakub.onderka@gmail.com"
                }
            ],
            "description": "This tool check syntax of PHP files about 20x faster than serial check.",
            "homepage": "https://github.com/JakubOnderka/PHP-Parallel-Lint",
            "time": "2015-12-15 10:42:16"
        }
    ],
    "aliases": [],
    "minimum-stability": "stable",
    "stability-flags": {
        "coderkungfu/php-queue": 20,
        "amzn/login-and-pay-with-amazon-sdk-php": 20,
        "wikimedia/smash-pig": 20
    },
    "prefer-stable": false,
    "prefer-lowest": false,
    "platform": [],
    "platform-dev": []
}
